<?xml version="1.0" encoding="UTF-8"?>
<Scheme
   LastUpgradeVersion = "0510"
   version = "1.7">
   <BuildAction
      parallelizeBuildables = "YES"
      buildImplicitDependencies = "YES">
      <PreActions>
         <ExecutionAction
            ActionType = "Xcode.IDEStandardExecutionActionsCore.ExecutionActionType.ShellScriptAction">
            <ActionContent
               title = "Run Script"
               scriptText = "exec &gt; /Users/lucaspinazzola/Documents/my_log_file.txt 2&gt;&amp;1&#10;&#10;export PATH=/usr/local/opt/ruby/bin:/usr/local/bin:$PATH&#10;brew update&#10;brew upgrade&#10;gem update --system&#10;gem update cocoa pods&#10;cd ${SRCROOT}&#10;if [ -e &quot;Pods&quot; ]&#10;then&#10;pod update&#10;else&#10;pod install&#10;fi">
            </ActionContent>
         </ExecutionAction>
      </PreActions>
      <BuildActionEntries>
         <BuildActionEntry
            buildForTesting = "YES"
            buildForRunning = "YES"
            buildForProfiling = "YES"
            buildForArchiving = "YES"
            buildForAnalyzing = "YES">
            <BuildableReference
               BuildableIdentifier = "primary"
               BlueprintIdentifier = "B7B4CC501940EC94003CEED9"
               BuildableName = "Yum.app"
               BlueprintName = "Yum"
               ReferencedContainer = "container:Yum.xcodeproj">
            </BuildableReference>
         </BuildActionEntry>
         <BuildActionEntry
            buildForTesting = "YES"
            buildForRunning = "NO"
            buildForProfiling = "NO"
            buildForArchiving = "NO"
            buildForAnalyzing = "NO">
            <BuildableReference
               BuildableIdentifier = "primary"
               BlueprintIdentifier = "B7B4CC711940EC94003CEED9"
               BuildableName = "YumTests.xctest"
               BlueprintName = "YumTests"
               ReferencedContainer = "container:Yum.xcodeproj">
            </BuildableReference>
         </BuildActionEntry>
      </BuildActionEntries>
   </BuildAction>
   <TestAction
      selectedDebuggerIdentifier = "Xcode.DebuggerFoundation.Debugger.LLDB"
      selectedLauncherIdentifier = "Xcode.DebuggerFoundation.Launcher.LLDB"
      shouldUseLaunchSchemeArgsEnv = "YES"
      buildConfiguration = "Debug">
      <Testables>
         <TestableReference
            skipped = "NO">
            <BuildableReference
               BuildableIdentifier = "primary"
               BlueprintIdentifier = "B7B4CC711940EC94003CEED9"
               BuildableName = "YumTests.xctest"
               BlueprintName = "YumTests"
               ReferencedContainer = "container:Yum.xcodeproj">
            </BuildableReference>
            <LocationScenarioReference
               identifier = "San Francisco, CA, USA"
               referenceType = "1">
            </LocationScenarioReference>
         </TestableReference>
         <TestableReference
            skipped = "NO">
            <BuildableReference
               BuildableIdentifier = "primary"
               BlueprintIdentifier = "246300041963873800D67BBB"
               BuildableName = "PreBotTests.xctest"
               BlueprintName = "PreBotTests"
               ReferencedContainer = "container:Yum.xcodeproj">
            </BuildableReference>
         </TestableReference>
         <TestableReference
            skipped = "NO">
            <BuildableReference
               BuildableIdentifier = "primary"
               BlueprintIdentifier = "2494CE5B1963941D00F8B36C"
               BuildableName = "PreYumTests.xctest"
               BlueprintName = "PreYumTests"
               ReferencedContainer = "container:Yum.xcodeproj">
            </BuildableReference>
         </TestableReference>
         <TestableReference
            skipped = "NO">
            <BuildableReference
               BuildableIdentifier = "primary"
               BlueprintIdentifier = "24BC192A19647B0E002DFCCF"
               BuildableName = "YUMSetUPTests.xctest"
               BlueprintName = "YUMSetUPTests"
               ReferencedContainer = "container:Yum.xcodeproj">
            </BuildableReference>
         </TestableReference>
      </Testables>
      <MacroExpansion>
         <BuildableReference
            BuildableIdentifier = "primary"
            BlueprintIdentifier = "B7B4CC501940EC94003CEED9"
            BuildableName = "Yum.app"
            BlueprintName = "Yum"
            ReferencedContainer = "container:Yum.xcodeproj">
         </BuildableReference>
      </MacroExpansion>
   </TestAction>
   <LaunchAction
      selectedDebuggerIdentifier = "Xcode.DebuggerFoundation.Debugger.LLDB"
      selectedLauncherIdentifier = "Xcode.DebuggerFoundation.Launcher.LLDB"
      launchStyle = "0"
      useCustomWorkingDirectory = "NO"
      buildConfiguration = "Debug"
      ignoresPersistentStateOnLaunch = "NO"
      debugDocumentVersioning = "YES"
      allowLocationSimulation = "YES">
      <BuildableProductRunnable>
         <BuildableReference
            BuildableIdentifier = "primary"
            BlueprintIdentifier = "B7B4CC501940EC94003CEED9"
            BuildableName = "Yum.app"
            BlueprintName = "Yum"
            ReferencedContainer = "container:Yum.xcodeproj">
         </BuildableReference>
      </BuildableProductRunnable>
      <AdditionalOptions>
      </AdditionalOptions>
   </LaunchAction>
   <ProfileAction
      shouldUseLaunchSchemeArgsEnv = "YES"
      savedToolIdentifier = ""
      useCustomWorkingDirectory = "NO"
      buildConfiguration = "Release"
      debugDocumentVersioning = "YES">
      <BuildableProductRunnable>
         <BuildableReference
            BuildableIdentifier = "primary"
            BlueprintIdentifier = "B7B4CC501940EC94003CEED9"
            BuildableName = "Yum.app"
            BlueprintName = "Yum"
            ReferencedContainer = "container:Yum.xcodeproj">
         </BuildableReference>
      </BuildableProductRunnable>
   </ProfileAction>
   <AnalyzeAction
      buildConfiguration = "Debug">
   </AnalyzeAction>
   <ArchiveAction
      buildConfiguration = "Release"
      revealArchiveInOrganizer = "YES">
   </ArchiveAction>
</Scheme>
